
Microsoft Visual Studio Solution File, Format Version 12.00
# Visual Studio Version 16
VisualStudioVersion = 16.0.29709.97
MinimumVisualStudioVersion = 10.0.40219.1
Project("{FAE04EC0-301F-11D3-BF4B-00C04F79EFBC}") = "Practica 1", "..\..\..\..\Desktop\Practicas VStudi C#\Practica 1\Practica 1\Practica 1.csproj", "{33538413-93CD-4E70-8D24-DE5187CF138B}"
EndProject
Project("{FAE04EC0-301F-11D3-BF4B-00C04F79EFBC}") = "Practica 2", "Practica 2\Practica 2.csproj", "{282F55D3-B759-4FBD-8957-D4A311445B81}"
EndProject
Project("{FAE04EC0-301F-11D3-BF4B-00C04F79EFBC}") = "Practica 3", "Practica 3\Practica 3.csproj", "{5C6C5493-4A8F-4F60-99D9-D7A52A6A97D3}"
EndProject
Project("{FAE04EC0-301F-11D3-BF4B-00C04F79EFBC}") = "Practica 4", "Practica 4\Practica 4.csproj", "{93B3AB91-8508-4C53-9026-0B01FE2F1819}"
EndProject
Project("{FAE04EC0-301F-11D3-BF4B-00C04F79EFBC}") = "Practica 5", "Practica 5\Practica 5.csproj", "{A91B79B3-8D42-4AC8-95F8-CA6BA51F3208}"
EndProject
Project("{FAE04EC0-301F-11D3-BF4B-00C04F79EFBC}") = "Practica 6", "Practica 6\Practica 6.csproj", "{23AD07D6-44EB-465C-A29C-384027E84ACF}"
EndProject
Project("{FAE04EC0-301F-11D3-BF4B-00C04F79EFBC}") = "Practica 7", "Practica 7\Practica 7.csproj", "{3751A2FE-E817-47AB-981E-10E8AD04C54C}"
EndProject
Global
	GlobalSection(SolutionConfigurationPlatforms) = preSolution
		Debug|Any CPU = Debug|Any CPU
		Release|Any CPU = Release|Any CPU
	EndGlobalSection
	GlobalSection(ProjectConfigurationPlatforms) = postSolution
		{33538413-93CD-4E70-8D24-DE5187CF138B}.Debug|Any CPU.ActiveCfg = Debug|Any CPU
		{33538413-93CD-4E70-8D24-DE5187CF138B}.Debug|Any CPU.Build.0 = Debug|Any CPU
		{33538413-93CD-4E70-8D24-DE5187CF138B}.Release|Any CPU.ActiveCfg = Release|Any CPU
		{33538413-93CD-4E70-8D24-DE5187CF138B}.Release|Any CPU.Build.0 = Release|Any CPU
		{282F55D3-B759-4FBD-8957-D4A311445B81}.Debug|Any CPU.ActiveCfg = Debug|Any CPU
		{282F55D3-B759-4FBD-8957-D4A311445B81}.Debug|Any CPU.Build.0 = Debug|Any CPU
		{282F55D3-B759-4FBD-8957-D4A311445B81}.Release|Any CPU.ActiveCfg = Release|Any CPU
		{282F55D3-B759-4FBD-8957-D4A311445B81}.Release|Any CPU.Build.0 = Release|Any CPU
		{5C6C5493-4A8F-4F60-99D9-D7A52A6A97D3}.Debug|Any CPU.ActiveCfg = Debug|Any CPU
		{5C6C5493-4A8F-4F60-99D9-D7A52A6A97D3}.Debug|Any CPU.Build.0 = Debug|Any CPU
		{5C6C5493-4A8F-4F60-99D9-D7A52A6A97D3}.Release|Any CPU.ActiveCfg = Release|Any CPU
		{5C6C5493-4A8F-4F60-99D9-D7A52A6A97D3}.Release|Any CPU.Build.0 = Release|Any CPU
		{93B3AB91-8508-4C53-9026-0B01FE2F1819}.Debug|Any CPU.ActiveCfg = Debug|Any CPU
		{93B3AB91-8508-4C53-9026-0B01FE2F1819}.Debug|Any CPU.Build.0 = Debug|Any CPU
		{93B3AB91-8508-4C53-9026-0B01FE2F1819}.Release|Any CPU.ActiveCfg = Release|Any CPU
		{93B3AB91-8508-4C53-9026-0B01FE2F1819}.Release|Any CPU.Build.0 = Release|Any CPU
		{A91B79B3-8D42-4AC8-95F8-CA6BA51F3208}.Debug|Any CPU.ActiveCfg = Debug|Any CPU
		{A91B79B3-8D42-4AC8-95F8-CA6BA51F3208}.Debug|Any CPU.Build.0 = Debug|Any CPU
		{A91B79B3-8D42-4AC8-95F8-CA6BA51F3208}.Release|Any CPU.ActiveCfg = Release|Any CPU
		{A91B79B3-8D42-4AC8-95F8-CA6BA51F3208}.Release|Any CPU.Build.0 = Release|Any CPU
		{23AD07D6-44EB-465C-A29C-384027E84ACF}.Debug|Any CPU.ActiveCfg = Debug|Any CPU
		{23AD07D6-44EB-465C-A29C-384027E84ACF}.Debug|Any CPU.Build.0 = Debug|Any CPU
		{23AD07D6-44EB-465C-A29C-384027E84ACF}.Release|Any CPU.ActiveCfg = Release|Any CPU
		{23AD07D6-44EB-465C-A29C-384027E84ACF}.Release|Any CPU.Build.0 = Release|Any CPU
		{3751A2FE-E817-47AB-981E-10E8AD04C54C}.Debug|Any CPU.ActiveCfg = Debug|Any CPU
		{3751A2FE-E817-47AB-981E-10E8AD04C54C}.Debug|Any CPU.Build.0 = Debug|Any CPU
		{3751A2FE-E817-47AB-981E-10E8AD04C54C}.Release|Any CPU.ActiveCfg = Release|Any CPU
		{3751A2FE-E817-47AB-981E-10E8AD04C54C}.Release|Any CPU.Build.0 = Release|Any CPU
	EndGlobalSection
	GlobalSection(SolutionProperties) = preSolution
		HideSolutionNode = FALSE
	EndGlobalSection
	GlobalSection(ExtensibilityGlobals) = postSolution
		SolutionGuid = {A92CCECA-A448-44AB-A23C-DFA5A0917050}
	EndGlobalSection
EndGlobal
